// !$*UTF8*$!
{
	archiveVersion = 1;
	classes = {
	};
	objectVersion = 50;
	objects = {

/* Begin PBXBuildFile section */
		4002511F215E26790068AA4B /* AppDelegate.swift in Sources */ = {isa = PBXBuildFile; fileRef = 4002511E215E26790068AA4B /* AppDelegate.swift */; };
		40025121215E26790068AA4B /* listController.swift in Sources */ = {isa = PBXBuildFile; fileRef = 40025120215E26790068AA4B /* listController.swift */; };
		40025123215E26790068AA4B /* mapController.swift in Sources */ = {isa = PBXBuildFile; fileRef = 40025122215E26790068AA4B /* mapController.swift */; };
		40025126215E26790068AA4B /* Main.storyboard in Resources */ = {isa = PBXBuildFile; fileRef = 40025124215E26790068AA4B /* Main.storyboard */; };
		40025128215E267A0068AA4B /* Assets.xcassets in Resources */ = {isa = PBXBuildFile; fileRef = 40025127215E267A0068AA4B /* Assets.xcassets */; };
		4002512B215E267A0068AA4B /* LaunchScreen.storyboard in Resources */ = {isa = PBXBuildFile; fileRef = 40025129215E267A0068AA4B /* LaunchScreen.storyboard */; };
		40025133215E2DBE0068AA4B /* detailController.swift in Sources */ = {isa = PBXBuildFile; fileRef = 40025132215E2DBE0068AA4B /* detailController.swift */; };
		40025136215E2EA90068AA4B /* MapKit.framework in Frameworks */ = {isa = PBXBuildFile; fileRef = 40025135215E2EA90068AA4B /* MapKit.framework */; };
		40025138215E31DB0068AA4B /* Place.swift in Sources */ = {isa = PBXBuildFile; fileRef = 40025137215E31DB0068AA4B /* Place.swift */; };
		4002513C215E38AF0068AA4B /* PlaceManager.swift in Sources */ = {isa = PBXBuildFile; fileRef = 4002513B215E38AF0068AA4B /* PlaceManager.swift */; };
		52DC214CFCB74EDA0AC46663 /* Pods_MyPlaces.framework in Frameworks */ = {isa = PBXBuildFile; fileRef = C8F714FC5DAFEA465C078CBB /* Pods_MyPlaces.framework */; };
		E250762621ACB2BB00DB8E4B /* GoogleService-Info.plist in Resources */ = {isa = PBXBuildFile; fileRef = E250762521ACB2BA00DB8E4B /* GoogleService-Info.plist */; };
		E25ABFD721811EC0003166E0 /* addModifyController.swift in Sources */ = {isa = PBXBuildFile; fileRef = E25ABFD621811EC0003166E0 /* addModifyController.swift */; };
		E25F8F5221A75A2D00F37CF0 /* LocationController.swift in Sources */ = {isa = PBXBuildFile; fileRef = E25F8F5121A75A2D00F37CF0 /* LocationController.swift */; };
		E2CC869E219A2E3000312C06 /* Place+JSON.swift in Sources */ = {isa = PBXBuildFile; fileRef = E2CC869D219A2E3000312C06 /* Place+JSON.swift */; };
		E2EFD079217E6BB900300D1D /* PlaceCellItem.swift in Sources */ = {isa = PBXBuildFile; fileRef = E2EFD078217E6BB900300D1D /* PlaceCellItem.swift */; };
/* End PBXBuildFile section */

/* Begin PBXFileReference section */
		4002511B215E26790068AA4B /* MyPlaces.app */ = {isa = PBXFileReference; explicitFileType = wrapper.application; includeInIndex = 0; path = MyPlaces.app; sourceTree = BUILT_PRODUCTS_DIR; };
		4002511E215E26790068AA4B /* AppDelegate.swift */ = {isa = PBXFileReference; lastKnownFileType = sourcecode.swift; path = AppDelegate.swift; sourceTree = "<group>"; };
		40025120215E26790068AA4B /* listController.swift */ = {isa = PBXFileReference; lastKnownFileType = sourcecode.swift; path = listController.swift; sourceTree = "<group>"; };
		40025122215E26790068AA4B /* mapController.swift */ = {isa = PBXFileReference; lastKnownFileType = sourcecode.swift; path = mapController.swift; sourceTree = "<group>"; };
		40025125215E26790068AA4B /* Base */ = {isa = PBXFileReference; lastKnownFileType = file.storyboard; name = Base; path = Base.lproj/Main.storyboard; sourceTree = "<group>"; };
		40025127215E267A0068AA4B /* Assets.xcassets */ = {isa = PBXFileReference; lastKnownFileType = folder.assetcatalog; path = Assets.xcassets; sourceTree = "<group>"; };
		4002512A215E267A0068AA4B /* Base */ = {isa = PBXFileReference; lastKnownFileType = file.storyboard; name = Base; path = Base.lproj/LaunchScreen.storyboard; sourceTree = "<group>"; };
		4002512C215E267A0068AA4B /* Info.plist */ = {isa = PBXFileReference; lastKnownFileType = text.plist.xml; path = Info.plist; sourceTree = "<group>"; };
		40025132215E2DBE0068AA4B /* detailController.swift */ = {isa = PBXFileReference; lastKnownFileType = sourcecode.swift; path = detailController.swift; sourceTree = "<group>"; };
		40025135215E2EA90068AA4B /* MapKit.framework */ = {isa = PBXFileReference; lastKnownFileType = wrapper.framework; name = MapKit.framework; path = System/Library/Frameworks/MapKit.framework; sourceTree = SDKROOT; };
		40025137215E31DB0068AA4B /* Place.swift */ = {isa = PBXFileReference; lastKnownFileType = sourcecode.swift; path = Place.swift; sourceTree = "<group>"; };
		4002513B215E38AF0068AA4B /* PlaceManager.swift */ = {isa = PBXFileReference; lastKnownFileType = sourcecode.swift; path = PlaceManager.swift; sourceTree = "<group>"; };
		A78AD40450674CC5081FE54D /* Pods-MyPlaces.debug.xcconfig */ = {isa = PBXFileReference; includeInIndex = 1; lastKnownFileType = text.xcconfig; name = "Pods-MyPlaces.debug.xcconfig"; path = "Pods/Target Support Files/Pods-MyPlaces/Pods-MyPlaces.debug.xcconfig"; sourceTree = "<group>"; };
		C8F714FC5DAFEA465C078CBB /* Pods_MyPlaces.framework */ = {isa = PBXFileReference; explicitFileType = wrapper.framework; includeInIndex = 0; path = Pods_MyPlaces.framework; sourceTree = BUILT_PRODUCTS_DIR; };
		E250762521ACB2BA00DB8E4B /* GoogleService-Info.plist */ = {isa = PBXFileReference; fileEncoding = 4; lastKnownFileType = text.plist.xml; path = "GoogleService-Info.plist"; sourceTree = "<group>"; };
		E25ABFD621811EC0003166E0 /* addModifyController.swift */ = {isa = PBXFileReference; lastKnownFileType = sourcecode.swift; path = addModifyController.swift; sourceTree = "<group>"; xcLanguageSpecificationIdentifier = xcode.lang.swift; };
		E25F8F5121A75A2D00F37CF0 /* LocationController.swift */ = {isa = PBXFileReference; lastKnownFileType = sourcecode.swift; path = LocationController.swift; sourceTree = "<group>"; };
		E2CC869D219A2E3000312C06 /* Place+JSON.swift */ = {isa = PBXFileReference; lastKnownFileType = sourcecode.swift; path = "Place+JSON.swift"; sourceTree = "<group>"; };
		E2EFD078217E6BB900300D1D /* PlaceCellItem.swift */ = {isa = PBXFileReference; lastKnownFileType = sourcecode.swift; path = PlaceCellItem.swift; sourceTree = "<group>"; };
		F3D25D789A25A683D916FA65 /* Pods-MyPlaces.release.xcconfig */ = {isa = PBXFileReference; includeInIndex = 1; lastKnownFileType = text.xcconfig; name = "Pods-MyPlaces.release.xcconfig"; path = "Pods/Target Support Files/Pods-MyPlaces/Pods-MyPlaces.release.xcconfig"; sourceTree = "<group>"; };
/* End PBXFileReference section */

/* Begin PBXFrameworksBuildPhase section */
		40025118215E26790068AA4B /* Frameworks */ = {
			isa = PBXFrameworksBuildPhase;
			buildActionMask = 2147483647;
			files = (
				40025136215E2EA90068AA4B /* MapKit.framework in Frameworks */,
				52DC214CFCB74EDA0AC46663 /* Pods_MyPlaces.framework in Frameworks */,
			);
			runOnlyForDeploymentPostprocessing = 0;
		};
/* End PBXFrameworksBuildPhase section */

/* Begin PBXGroup section */
		20D6419179D85BC51E42D029 /* Pods */ = {
			isa = PBXGroup;
			children = (
				A78AD40450674CC5081FE54D /* Pods-MyPlaces.debug.xcconfig */,
				F3D25D789A25A683D916FA65 /* Pods-MyPlaces.release.xcconfig */,
			);
			name = Pods;
			sourceTree = "<group>";
		};
		40025112215E26790068AA4B = {
			isa = PBXGroup;
			children = (
				4002511D215E26790068AA4B /* MyPlaces */,
				4002511C215E26790068AA4B /* Products */,
				40025134215E2EA90068AA4B /* Frameworks */,
				20D6419179D85BC51E42D029 /* Pods */,
			);
			sourceTree = "<group>";
		};
		4002511C215E26790068AA4B /* Products */ = {
			isa = PBXGroup;
			children = (
				4002511B215E26790068AA4B /* MyPlaces.app */,
			);
			name = Products;
			sourceTree = "<group>";
		};
		4002511D215E26790068AA4B /* MyPlaces */ = {
			isa = PBXGroup;
			children = (
				E2CC86A3219B8CDE00312C06 /* Model */,
				E2CC86A2219B8CC400312C06 /* View */,
				E2CC869F219B7D0F00312C06 /* Controller */,
				40025127215E267A0068AA4B /* Assets.xcassets */,
				4002512C215E267A0068AA4B /* Info.plist */,
				E250762521ACB2BA00DB8E4B /* GoogleService-Info.plist */,
			);
			path = MyPlaces;
			sourceTree = "<group>";
		};
		40025134215E2EA90068AA4B /* Frameworks */ = {
			isa = PBXGroup;
			children = (
				40025135215E2EA90068AA4B /* MapKit.framework */,
				C8F714FC5DAFEA465C078CBB /* Pods_MyPlaces.framework */,
			);
			name = Frameworks;
			sourceTree = "<group>";
		};
		E2CC869F219B7D0F00312C06 /* Controller */ = {
			isa = PBXGroup;
			children = (
				40025120215E26790068AA4B /* listController.swift */,
				40025122215E26790068AA4B /* mapController.swift */,
				40025132215E2DBE0068AA4B /* detailController.swift */,
				E25ABFD621811EC0003166E0 /* addModifyController.swift */,
				E25F8F5121A75A2D00F37CF0 /* LocationController.swift */,
			);
			path = Controller;
			sourceTree = "<group>";
		};
		E2CC86A2219B8CC400312C06 /* View */ = {
			isa = PBXGroup;
			children = (
				40025124215E26790068AA4B /* Main.storyboard */,
				40025129215E267A0068AA4B /* LaunchScreen.storyboard */,
			);
			path = View;
			sourceTree = "<group>";
		};
		E2CC86A3219B8CDE00312C06 /* Model */ = {
			isa = PBXGroup;
			children = (
				4002511E215E26790068AA4B /* AppDelegate.swift */,
				40025137215E31DB0068AA4B /* Place.swift */,
				E2EFD078217E6BB900300D1D /* PlaceCellItem.swift */,
				4002513B215E38AF0068AA4B /* PlaceManager.swift */,
				E2CC869D219A2E3000312C06 /* Place+JSON.swift */,
			);
			path = Model;
			sourceTree = "<group>";
		};
/* End PBXGroup section */

/* Begin PBXNativeTarget section */
		4002511A215E26790068AA4B /* MyPlaces */ = {
			isa = PBXNativeTarget;
			buildConfigurationList = 4002512F215E267A0068AA4B /* Build configuration list for PBXNativeTarget "MyPlaces" */;
			buildPhases = (
				FD268A9A9178D0184373FAD0 /* [CP] Check Pods Manifest.lock */,
				40025117215E26790068AA4B /* Sources */,
				40025118215E26790068AA4B /* Frameworks */,
				40025119215E26790068AA4B /* Resources */,
				A57B1EFE8D77BA63979496DD /* [CP] Embed Pods Frameworks */,
			);
			buildRules = (
			);
			dependencies = (
			);
			name = MyPlaces;
			productName = MyPlaces;
			productReference = 4002511B215E26790068AA4B /* MyPlaces.app */;
			productType = "com.apple.product-type.application";
		};
/* End PBXNativeTarget section */

/* Begin PBXProject section */
		40025113215E26790068AA4B /* Project object */ = {
			isa = PBXProject;
			attributes = {
				KnownAssetTags = (
					1,
				);
				LastSwiftUpdateCheck = 1000;
				LastUpgradeCheck = 1000;
				ORGANIZATIONNAME = "Albert Mata Guerra";
				TargetAttributes = {
					4002511A215E26790068AA4B = {
						CreatedOnToolsVersion = 10.0;
						SystemCapabilities = {
							com.apple.Maps.iOS = {
								enabled = 1;
							};
						};
					};
				};
			};
			buildConfigurationList = 40025116215E26790068AA4B /* Build configuration list for PBXProject "MyPlaces" */;
			compatibilityVersion = "Xcode 9.3";
			developmentRegion = en;
			hasScannedForEncodings = 0;
			knownRegions = (
				en,
				Base,
			);
			mainGroup = 40025112215E26790068AA4B;
			productRefGroup = 4002511C215E26790068AA4B /* Products */;
			projectDirPath = "";
			projectRoot = "";
			targets = (
				4002511A215E26790068AA4B /* MyPlaces */,
			);
		};
/* End PBXProject section */

/* Begin PBXResourcesBuildPhase section */
		40025119215E26790068AA4B /* Resources */ = {
			isa = PBXResourcesBuildPhase;
			buildActionMask = 2147483647;
			files = (
				4002512B215E267A0068AA4B /* LaunchScreen.storyboard in Resources */,
				E250762621ACB2BB00DB8E4B /* GoogleService-Info.plist in Resources */,
				40025128215E267A0068AA4B /* Assets.xcassets in Resources */,
				40025126215E26790068AA4B /* Main.storyboard in Resources */,
			);
			runOnlyForDeploymentPostprocessing = 0;
		};
/* End PBXResourcesBuildPhase section */

/* Begin PBXShellScriptBuildPhase section */
		A57B1EFE8D77BA63979496DD /* [CP] Embed Pods Frameworks */ = {
			isa = PBXShellScriptBuildPhase;
			buildActionMask = 2147483647;
			files = (
			);
			inputFileListPaths = (
			);
			inputPaths = (
				"${SRCROOT}/Pods/Target Support Files/Pods-MyPlaces/Pods-MyPlaces-frameworks.sh",
				"${BUILT_PRODUCTS_DIR}/GoogleUtilities/GoogleUtilities.framework",
				"${BUILT_PRODUCTS_DIR}/nanopb/nanopb.framework",
			);
			name = "[CP] Embed Pods Frameworks";
			outputFileListPaths = (
			);
			outputPaths = (
				"${TARGET_BUILD_DIR}/${FRAMEWORKS_FOLDER_PATH}/GoogleUtilities.framework",
				"${TARGET_BUILD_DIR}/${FRAMEWORKS_FOLDER_PATH}/nanopb.framework",
			);
			runOnlyForDeploymentPostprocessing = 0;
			shellPath = /bin/sh;
			shellScript = "\"${SRCROOT}/Pods/Target Support Files/Pods-MyPlaces/Pods-MyPlaces-frameworks.sh\"\n";
			showEnvVarsInLog = 0;
		};
		FD268A9A9178D0184373FAD0 /* [CP] Check Pods Manifest.lock */ = {
			isa = PBXShellScriptBuildPhase;
			buildActionMask = 2147483647;
			files = (
			);
			inputFileListPaths = (
			);
			inputPaths = (
				"${PODS_PODFILE_DIR_PATH}/Podfile.lock",
				"${PODS_ROOT}/Manifest.lock",
			);
			name = "[CP] Check Pods Manifest.lock";
			outputFileListPaths = (
			);
			outputPaths = (
				"$(DERIVED_FILE_DIR)/Pods-MyPlaces-checkManifestLockResult.txt",
			);
			runOnlyForDeploymentPostprocessing = 0;
			shellPath = /bin/sh;
			shellScript = "diff \"${PODS_PODFILE_DIR_PATH}/Podfile.lock\" \"${PODS_ROOT}/Manifest.lock\" > /dev/null\nif [ $? != 0 ] ; then\n    # print error to STDERR\n    echo \"error: The sandbox is not in sync with the Podfile.lock. Run 'pod install' or update your CocoaPods installation.\" >&2\n    exit 1\nfi\n# This output is used by Xcode 'outputs' to avoid re-running this script phase.\necho \"SUCCESS\" > \"${SCRIPT_OUTPUT_FILE_0}\"\n";
			showEnvVarsInLog = 0;
		};
/* End PBXShellScriptBuildPhase section */

/* Begin PBXSourcesBuildPhase section */
		40025117215E26790068AA4B /* Sources */ = {
			isa = PBXSourcesBuildPhase;
			buildActionMask = 2147483647;
			files = (
				40025133215E2DBE0068AA4B /* detailController.swift in Sources */,
				E2EFD079217E6BB900300D1D /* PlaceCellItem.swift in Sources */,
				E2CC869E219A2E3000312C06 /* Place+JSON.swift in Sources */,
				40025123215E26790068AA4B /* mapController.swift in Sources */,
				4002511F215E26790068AA4B /* AppDelegate.swift in Sources */,
				4002513C215E38AF0068AA4B /* PlaceManager.swift in Sources */,
				40025121215E26790068AA4B /* listController.swift in Sources */,
				E25ABFD721811EC0003166E0 /* addModifyController.swift in Sources */,
				E25F8F5221A75A2D00F37CF0 /* LocationController.swift in Sources */,
				40025138215E31DB0068AA4B /* Place.swift in Sources */,
			);
			runOnlyForDeploymentPostprocessing = 0;
		};
/* End PBXSourcesBuildPhase section */

/* Begin PBXVariantGroup section */
		40025124215E26790068AA4B /* Main.storyboard */ = {
			isa = PBXVariantGroup;
			children = (
				40025125215E26790068AA4B /* Base */,
			);
			name = Main.storyboard;
			sourceTree = "<group>";
		};
		40025129215E267A0068AA4B /* LaunchScreen.storyboard */ = {
			isa = PBXVariantGroup;
			children = (
				4002512A215E267A0068AA4B /* Base */,
			);
			name = LaunchScreen.storyboard;
			sourceTree = "<group>";
		};
/* End PBXVariantGroup section */

/* Begin XCBuildConfiguration section */
		4002512D215E267A0068AA4B /* Debug */ = {
			isa = XCBuildConfiguration;
			buildSettings = {
				ALWAYS_SEARCH_USER_PATHS = NO;
				CLANG_ANALYZER_NONNULL = YES;
				CLANG_ANALYZER_NUMBER_OBJECT_CONVERSION = YES_AGGRESSIVE;
				CLANG_CXX_LANGUAGE_STANDARD = "gnu++14";
				CLANG_CXX_LIBRARY = "libc++";
				CLANG_ENABLE_MODULES = YES;
				CLANG_ENABLE_OBJC_ARC = YES;
				CLANG_ENABLE_OBJC_WEAK = YES;
				CLANG_WARN_BLOCK_CAPTURE_AUTORELEASING = YES;
				CLANG_WARN_BOOL_CONVERSION = YES;
				CLANG_WARN_COMMA = YES;
				CLANG_WARN_CONSTANT_CONVERSION = YES;
				CLANG_WARN_DEPRECATED_OBJC_IMPLEMENTATIONS = YES;
				CLANG_WARN_DIRECT_OBJC_ISA_USAGE = YES_ERROR;
				CLANG_WARN_DOCUMENTATION_COMMENTS = YES;
				CLANG_WARN_EMPTY_BODY = YES;
				CLANG_WARN_ENUM_CONVERSION = YES;
				CLANG_WARN_INFINITE_RECURSION = YES;
				CLANG_WARN_INT_CONVERSION = YES;
				CLANG_WARN_NON_LITERAL_NULL_CONVERSION = YES;
				CLANG_WARN_OBJC_IMPLICIT_RETAIN_SELF = YES;
				CLANG_WARN_OBJC_LITERAL_CONVERSION = YES;
				CLANG_WARN_OBJC_ROOT_CLASS = YES_ERROR;
				CLANG_WARN_RANGE_LOOP_ANALYSIS = YES;
				CLANG_WARN_STRICT_PROTOTYPES = YES;
				CLANG_WARN_SUSPICIOUS_MOVE = YES;
				CLANG_WARN_UNGUARDED_AVAILABILITY = YES_AGGRESSIVE;
				CLANG_WARN_UNREACHABLE_CODE = YES;
				CLANG_WARN__DUPLICATE_METHOD_MATCH = YES;
				CODE_SIGN_IDENTITY = "iPhone Developer";
				COPY_PHASE_STRIP = NO;
				DEBUG_INFORMATION_FORMAT = dwarf;
				ENABLE_STRICT_OBJC_MSGSEND = YES;
				ENABLE_TESTABILITY = YES;
				GCC_C_LANGUAGE_STANDARD = gnu11;
				GCC_DYNAMIC_NO_PIC = NO;
				GCC_NO_COMMON_BLOCKS = YES;
				GCC_OPTIMIZATION_LEVEL = 0;
				GCC_PREPROCESSOR_DEFINITIONS = (
					"DEBUG=1",
					"$(inherited)",
				);
				GCC_WARN_64_TO_32_BIT_CONVERSION = YES;
				GCC_WARN_ABOUT_RETURN_TYPE = YES_ERROR;
				GCC_WARN_UNDECLARED_SELECTOR = YES;
				GCC_WARN_UNINITIALIZED_AUTOS = YES_AGGRESSIVE;
				GCC_WARN_UNUSED_FUNCTION = YES;
				GCC_WARN_UNUSED_VARIABLE = YES;
				IPHONEOS_DEPLOYMENT_TARGET = 12.0;
				MTL_ENABLE_DEBUG_INFO = INCLUDE_SOURCE;
				MTL_FAST_MATH = YES;
				ONLY_ACTIVE_ARCH = YES;
				SDKROOT = iphoneos;
				SWIFT_ACTIVE_COMPILATION_CONDITIONS = DEBUG;
				SWIFT_OPTIMIZATION_LEVEL = "-Onone";
			};
			name = Debug;
		};
		4002512E215E267A0068AA4B /* Release */ = {
			isa = XCBuildConfiguration;
			buildSettings = {
				ALWAYS_SEARCH_USER_PATHS = NO;
				CLANG_ANALYZER_NONNULL = YES;
				CLANG_ANALYZER_NUMBER_OBJECT_CONVERSION = YES_AGGRESSIVE;
				CLANG_CXX_LANGUAGE_STANDARD = "gnu++14";
				CLANG_CXX_LIBRARY = "libc++";
				CLANG_ENABLE_MODULES = YES;
				CLANG_ENABLE_OBJC_ARC = YES;
				CLANG_ENABLE_OBJC_WEAK = YES;
				CLANG_WARN_BLOCK_CAPTURE_AUTORELEASING = YES;
				CLANG_WARN_BOOL_CONVERSION = YES;
				CLANG_WARN_COMMA = YES;
				CLANG_WARN_CONSTANT_CONVERSION = YES;
				CLANG_WARN_DEPRECATED_OBJC_IMPLEMENTATIONS = YES;
				CLANG_WARN_DIRECT_OBJC_ISA_USAGE = YES_ERROR;
				CLANG_WARN_DOCUMENTATION_COMMENTS = YES;
				CLANG_WARN_EMPTY_BODY = YES;
				CLANG_WARN_ENUM_CONVERSION = YES;
				CLANG_WARN_INFINITE_RECURSION = YES;
				CLANG_WARN_INT_CONVERSION = YES;
				CLANG_WARN_NON_LITERAL_NULL_CONVERSION = YES;
				CLANG_WARN_OBJC_IMPLICIT_RETAIN_SELF = YES;
				CLANG_WARN_OBJC_LITERAL_CONVERSION = YES;
				CLANG_WARN_OBJC_ROOT_CLASS = YES_ERROR;
				CLANG_WARN_RANGE_LOOP_ANALYSIS = YES;
				CLANG_WARN_STRICT_PROTOTYPES = YES;
				CLANG_WARN_SUSPICIOUS_MOVE = YES;
				CLANG_WARN_UNGUARDED_AVAILABILITY = YES_AGGRESSIVE;
				CLANG_WARN_UNREACHABLE_CODE = YES;
				CLANG_WARN__DUPLICATE_METHOD_MATCH = YES;
				CODE_SIGN_IDENTITY = "iPhone Developer";
				COPY_PHASE_STRIP = NO;
				DEBUG_INFORMATION_FORMAT = "dwarf-with-dsym";
				ENABLE_NS_ASSERTIONS = NO;
				ENABLE_STRICT_OBJC_MSGSEND = YES;
				GCC_C_LANGUAGE_STANDARD = gnu11;
				GCC_NO_COMMON_BLOCKS = YES;
				GCC_WARN_64_TO_32_BIT_CONVERSION = YES;
				GCC_WARN_ABOUT_RETURN_TYPE = YES_ERROR;
				GCC_WARN_UNDECLARED_SELECTOR = YES;
				GCC_WARN_UNINITIALIZED_AUTOS = YES_AGGRESSIVE;
				GCC_WARN_UNUSED_FUNCTION = YES;
				GCC_WARN_UNUSED_VARIABLE = YES;
				IPHONEOS_DEPLOYMENT_TARGET = 12.0;
				MTL_ENABLE_DEBUG_INFO = NO;
				MTL_FAST_MATH = YES;
				SDKROOT = iphoneos;
				SWIFT_COMPILATION_MODE = wholemodule;
				SWIFT_OPTIMIZATION_LEVEL = "-O";
				VALIDATE_PRODUCT = YES;
			};
			name = Release;
		};
		40025130215E267A0068AA4B /* Debug */ = {
			isa = XCBuildConfiguration;
			baseConfigurationReference = A78AD40450674CC5081FE54D /* Pods-MyPlaces.debug.xcconfig */;
			buildSettings = {
				ASSETCATALOG_COMPILER_APPICON_NAME = AppIcon;
				CODE_SIGN_IDENTITY = "iPhone Developer";
				CODE_SIGN_STYLE = Automatic;
				DEVELOPMENT_TEAM = 38F524RNYG;
				INFOPLIST_FILE = MyPlaces/Info.plist;
				IPHONEOS_DEPLOYMENT_TARGET = 11.4;
				LD_RUNPATH_SEARCH_PATHS = (
					"$(inherited)",
					"@executable_path/Frameworks",
				);
				PRODUCT_BUNDLE_IDENTIFIER = cat.tocatax.MyPlaces;
				PRODUCT_NAME = "$(TARGET_NAME)";
				PROVISIONING_PROFILE_SPECIFIER = "";
				SWIFT_VERSION = 4.2;
				TARGETED_DEVICE_FAMILY = "1,2";
			};
			name = Debug;
		};
		40025131215E267A0068AA4B /* Release */ = {
			isa = XCBuildConfiguration;
			baseConfigurationReference = F3D25D789A25A683D916FA65 /* Pods-MyPlaces.release.xcconfig */;
			buildSettings = {
				ASSETCATALOG_COMPILER_APPICON_NAME = AppIcon;
				CODE_SIGN_IDENTITY = "iPhone Developer";
				CODE_SIGN_STYLE = Automatic;
				DEVELOPMENT_TEAM = 38F524RNYG;
				INFOPLIST_FILE = MyPlaces/Info.plist;
				IPHONEOS_DEPLOYMENT_TARGET = 11.4;
				LD_RUNPATH_SEARCH_PATHS = (
					"$(inherited)",
					"@executable_path/Frameworks",
				);
				PRODUCT_BUNDLE_IDENTIFIER = cat.tocatax.MyPlaces;
				PRODUCT_NAME = "$(TARGET_NAME)";
				PROVISIONING_PROFILE_SPECIFIER = "";
				SWIFT_VERSION = 4.2;
				TARGETED_DEVICE_FAMILY = "1,2";
			};
			name = Release;
		};
/* End XCBuildConfiguration section */

/* Begin XCConfigurationList section */
		40025116215E26790068AA4B /* Build configuration list for PBXProject "MyPlaces" */ = {
			isa = XCConfigurationList;
			buildConfigurations = (
				4002512D215E267A0068AA4B /* Debug */,
				4002512E215E267A0068AA4B /* Release */,
			);
			defaultConfigurationIsVisible = 0;
			defaultConfigurationName = Release;
		};
		4002512F215E267A0068AA4B /* Build configuration list for PBXNativeTarget "MyPlaces" */ = {
			isa = XCConfigurationList;
			buildConfigurations = (
				40025130215E267A0068AA4B /* Debug */,
				40025131215E267A0068AA4B /* Release */,
			);
			defaultConfigurationIsVisible = 0;
			defaultConfigurationName = Release;
		};
/* End XCConfigurationList section */
	};
	rootObject = 40025113215E26790068AA4B /* Project object */;
}
